
Microsoft Visual Studio Solution File, Format Version 12.00
# Visual Studio 15
VisualStudioVersion = 15.0.27130.2010
MinimumVisualStudioVersion = 10.0.40219.1
Project("{FAE04EC0-301F-11D3-BF4B-00C04F79EFBC}") = "NSFileTest", "NSFileTest\NSFileTest.csproj", "{455F36A5-3E95-4D13-84B5-8A9E091E89BF}"
EndProject
Project("{FAE04EC0-301F-11D3-BF4B-00C04F79EFBC}") = "NsFile", "NSData\NsFile.csproj", "{9A513F06-B13E-426A-A0E9-782DD4CFBB35}"
EndProject
Project("{FAE04EC0-301F-11D3-BF4B-00C04F79EFBC}") = "EegLab", "EEGLabFile\EegLab.csproj", "{82B3CC14-169E-44B8-A31C-4ECCFC1F41D2}"
EndProject
Global
	GlobalSection(SolutionConfigurationPlatforms) = preSolution
		Debug|Any CPU = Debug|Any CPU
		Debug|Mixed Platforms = Debug|Mixed Platforms
		Debug|x86 = Debug|x86
		Release|Any CPU = Release|Any CPU
		Release|Mixed Platforms = Release|Mixed Platforms
		Release|x86 = Release|x86
	EndGlobalSection
	GlobalSection(ProjectConfigurationPlatforms) = postSolution
		{455F36A5-3E95-4D13-84B5-8A9E091E89BF}.Debug|Any CPU.ActiveCfg = Debug|x86
		{455F36A5-3E95-4D13-84B5-8A9E091E89BF}.Debug|Mixed Platforms.ActiveCfg = Debug|x86
		{455F36A5-3E95-4D13-84B5-8A9E091E89BF}.Debug|Mixed Platforms.Build.0 = Debug|x86
		{455F36A5-3E95-4D13-84B5-8A9E091E89BF}.Debug|x86.ActiveCfg = Debug|x86
		{455F36A5-3E95-4D13-84B5-8A9E091E89BF}.Debug|x86.Build.0 = Debug|x86
		{455F36A5-3E95-4D13-84B5-8A9E091E89BF}.Release|Any CPU.ActiveCfg = Release|x86
		{455F36A5-3E95-4D13-84B5-8A9E091E89BF}.Release|Mixed Platforms.ActiveCfg = Release|x86
		{455F36A5-3E95-4D13-84B5-8A9E091E89BF}.Release|Mixed Platforms.Build.0 = Release|x86
		{455F36A5-3E95-4D13-84B5-8A9E091E89BF}.Release|x86.ActiveCfg = Release|x86
		{455F36A5-3E95-4D13-84B5-8A9E091E89BF}.Release|x86.Build.0 = Release|x86
		{9A513F06-B13E-426A-A0E9-782DD4CFBB35}.Debug|Any CPU.ActiveCfg = Debug|Any CPU
		{9A513F06-B13E-426A-A0E9-782DD4CFBB35}.Debug|Any CPU.Build.0 = Debug|Any CPU
		{9A513F06-B13E-426A-A0E9-782DD4CFBB35}.Debug|Mixed Platforms.ActiveCfg = Debug|Any CPU
		{9A513F06-B13E-426A-A0E9-782DD4CFBB35}.Debug|Mixed Platforms.Build.0 = Debug|Any CPU
		{9A513F06-B13E-426A-A0E9-782DD4CFBB35}.Debug|x86.ActiveCfg = Debug|Any CPU
		{9A513F06-B13E-426A-A0E9-782DD4CFBB35}.Debug|x86.Build.0 = Debug|Any CPU
		{9A513F06-B13E-426A-A0E9-782DD4CFBB35}.Release|Any CPU.ActiveCfg = Release|Any CPU
		{9A513F06-B13E-426A-A0E9-782DD4CFBB35}.Release|Any CPU.Build.0 = Release|Any CPU
		{9A513F06-B13E-426A-A0E9-782DD4CFBB35}.Release|Mixed Platforms.ActiveCfg = Release|Any CPU
		{9A513F06-B13E-426A-A0E9-782DD4CFBB35}.Release|Mixed Platforms.Build.0 = Release|Any CPU
		{9A513F06-B13E-426A-A0E9-782DD4CFBB35}.Release|x86.ActiveCfg = Release|Any CPU
		{82B3CC14-169E-44B8-A31C-4ECCFC1F41D2}.Debug|Any CPU.ActiveCfg = Debug|Any CPU
		{82B3CC14-169E-44B8-A31C-4ECCFC1F41D2}.Debug|Any CPU.Build.0 = Debug|Any CPU
		{82B3CC14-169E-44B8-A31C-4ECCFC1F41D2}.Debug|Mixed Platforms.ActiveCfg = Debug|Any CPU
		{82B3CC14-169E-44B8-A31C-4ECCFC1F41D2}.Debug|Mixed Platforms.Build.0 = Debug|Any CPU
		{82B3CC14-169E-44B8-A31C-4ECCFC1F41D2}.Debug|x86.ActiveCfg = Debug|Any CPU
		{82B3CC14-169E-44B8-A31C-4ECCFC1F41D2}.Debug|x86.Build.0 = Debug|Any CPU
		{82B3CC14-169E-44B8-A31C-4ECCFC1F41D2}.Release|Any CPU.ActiveCfg = Release|Any CPU
		{82B3CC14-169E-44B8-A31C-4ECCFC1F41D2}.Release|Any CPU.Build.0 = Release|Any CPU
		{82B3CC14-169E-44B8-A31C-4ECCFC1F41D2}.Release|Mixed Platforms.ActiveCfg = Release|Any CPU
		{82B3CC14-169E-44B8-A31C-4ECCFC1F41D2}.Release|Mixed Platforms.Build.0 = Release|Any CPU
		{82B3CC14-169E-44B8-A31C-4ECCFC1F41D2}.Release|x86.ActiveCfg = Release|Any CPU
		{82B3CC14-169E-44B8-A31C-4ECCFC1F41D2}.Release|x86.Build.0 = Release|Any CPU
	EndGlobalSection
	GlobalSection(SolutionProperties) = preSolution
		HideSolutionNode = FALSE
	EndGlobalSection
	GlobalSection(ExtensibilityGlobals) = postSolution
		SolutionGuid = {44D9575E-466C-4347-832D-CE7E5D2FA91B}
	EndGlobalSection
EndGlobal
